// !$*UTF8*$!
{
	archiveVersion = 1;
	classes = {
	};
	objectVersion = 77;
	objects = {

/* Begin PBXContainerItemProxy section */
		D245487B2D008E35007A23D8 /* PBXContainerItemProxy */ = {
			isa = PBXContainerItemProxy;
			containerPortal = D245485C2D008E33007A23D8 /* Project object */;
			proxyType = 1;
			remoteGlobalIDString = D24548632D008E33007A23D8;
			remoteInfo = "Swift-Login-Testing";
		};
		D24548852D008E36007A23D8 /* PBXContainerItemProxy */ = {
			isa = PBXContainerItemProxy;
			containerPortal = D245485C2D008E33007A23D8 /* Project object */;
			proxyType = 1;
			remoteGlobalIDString = D24548632D008E33007A23D8;
			remoteInfo = "Swift-Login-Testing";
		};
/* End PBXContainerItemProxy section */

/* Begin PBXFileReference section */
		D24548642D008E33007A23D8 /* Swift-Login-Testing.app */ = {isa = PBXFileReference; explicitFileType = wrapper.application; includeInIndex = 0; path = "Swift-Login-Testing.app"; sourceTree = BUILT_PRODUCTS_DIR; };
		D245487A2D008E35007A23D8 /* Swift-Login-TestingTests.xctest */ = {isa = PBXFileReference; explicitFileType = wrapper.cfbundle; includeInIndex = 0; path = "Swift-Login-TestingTests.xctest"; sourceTree = BUILT_PRODUCTS_DIR; };
		D24548842D008E35007A23D8 /* Swift-Login-TestingUITests.xctest */ = {isa = PBXFileReference; explicitFileType = wrapper.cfbundle; includeInIndex = 0; path = "Swift-Login-TestingUITests.xctest"; sourceTree = BUILT_PRODUCTS_DIR; };
/* End PBXFileReference section */

/* Begin PBXFileSystemSynchronizedBuildFileExceptionSet section */
		D245488C2D008E36007A23D8 /* Exceptions for "Swift-Login-Testing" folder in "Swift-Login-Testing" target */ = {
			isa = PBXFileSystemSynchronizedBuildFileExceptionSet;
			membershipExceptions = (
				Info.plist,
			);
			target = D24548632D008E33007A23D8 /* Swift-Login-Testing */;
		};
/* End PBXFileSystemSynchronizedBuildFileExceptionSet section */

/* Begin PBXFileSystemSynchronizedRootGroup section */
		D24548662D008E33007A23D8 /* Swift-Login-Testing */ = {
			isa = PBXFileSystemSynchronizedRootGroup;
			exceptions = (
				D245488C2D008E36007A23D8 /* Exceptions for "Swift-Login-Testing" folder in "Swift-Login-Testing" target */,
			);
			path = "Swift-Login-Testing";
			sourceTree = "<group>";
		};
		D245487D2D008E35007A23D8 /* Swift-Login-TestingTests */ = {
			isa = PBXFileSystemSynchronizedRootGroup;
			path = "Swift-Login-TestingTests";
			sourceTree = "<group>";
		};
		D24548872D008E36007A23D8 /* Swift-Login-TestingUITests */ = {
			isa = PBXFileSystemSynchronizedRootGroup;
			path = "Swift-Login-TestingUITests";
			sourceTree = "<group>";
		};
/* End PBXFileSystemSynchronizedRootGroup section */

/* Begin PBXFrameworksBuildPhase section */
		D24548612D008E33007A23D8 /* Frameworks */ = {
			isa = PBXFrameworksBuildPhase;
			buildActionMask = 2147483647;
			files = (
			);
			runOnlyForDeploymentPostprocessing = 0;
		};
		D24548772D008E35007A23D8 /* Frameworks */ = {
			isa = PBXFrameworksBuildPhase;
			buildActionMask = 2147483647;
			files = (
			);
			runOnlyForDeploymentPostprocessing = 0;
		};
		D24548812D008E35007A23D8 /* Frameworks */ = {
			isa = PBXFrameworksBuildPhase;
			buildActionMask = 2147483647;
			files = (
			);
			runOnlyForDeploymentPostprocessing = 0;
		};
/* End PBXFrameworksBuildPhase section */

/* Begin PBXGroup section */
		D245485B2D008E33007A23D8 = {
			isa = PBXGroup;
			children = (
				D24548662D008E33007A23D8 /* Swift-Login-Testing */,
				D245487D2D008E35007A23D8 /* Swift-Login-TestingTests */,
				D24548872D008E36007A23D8 /* Swift-Login-TestingUITests */,
				D24548652D008E33007A23D8 /* Products */,
			);
			sourceTree = "<group>";
		};
		D24548652D008E33007A23D8 /* Products */ = {
			isa = PBXGroup;
			children = (
				D24548642D008E33007A23D8 /* Swift-Login-Testing.app */,
				D245487A2D008E35007A23D8 /* Swift-Login-TestingTests.xctest */,
				D24548842D008E35007A23D8 /* Swift-Login-TestingUITests.xctest */,
			);
			name = Products;
			sourceTree = "<group>";
		};
/* End PBXGroup section */

/* Begin PBXNativeTarget section */
		D24548632D008E33007A23D8 /* Swift-Login-Testing */ = {
			isa = PBXNativeTarget;
			buildConfigurationList = D245488D2D008E36007A23D8 /* Build configuration list for PBXNativeTarget "Swift-Login-Testing" */;
			buildPhases = (
				D24548602D008E33007A23D8 /* Sources */,
				D24548612D008E33007A23D8 /* Frameworks */,
				D24548622D008E33007A23D8 /* Resources */,
			);
			buildRules = (
			);
			dependencies = (
			);
			fileSystemSynchronizedGroups = (
				D24548662D008E33007A23D8 /* Swift-Login-Testing */,
			);
			name = "Swift-Login-Testing";
			packageProductDependencies = (
			);
			productName = "Swift-Login-Testing";
			productReference = D24548642D008E33007A23D8 /* Swift-Login-Testing.app */;
			productType = "com.apple.product-type.application";
		};
		D24548792D008E35007A23D8 /* Swift-Login-TestingTests */ = {
			isa = PBXNativeTarget;
			buildConfigurationList = D24548922D008E36007A23D8 /* Build configuration list for PBXNativeTarget "Swift-Login-TestingTests" */;
			buildPhases = (
				D24548762D008E35007A23D8 /* Sources */,
				D24548772D008E35007A23D8 /* Frameworks */,
				D24548782D008E35007A23D8 /* Resources */,
			);
			buildRules = (
			);
			dependencies = (
				D245487C2D008E35007A23D8 /* PBXTargetDependency */,
			);
			fileSystemSynchronizedGroups = (
				D245487D2D008E35007A23D8 /* Swift-Login-TestingTests */,
			);
			name = "Swift-Login-TestingTests";
			packageProductDependencies = (
			);
			productName = "Swift-Login-TestingTests";
			productReference = D245487A2D008E35007A23D8 /* Swift-Login-TestingTests.xctest */;
			productType = "com.apple.product-type.bundle.unit-test";
		};
		D24548832D008E35007A23D8 /* Swift-Login-TestingUITests */ = {
			isa = PBXNativeTarget;
			buildConfigurationList = D24548952D008E36007A23D8 /* Build configuration list for PBXNativeTarget "Swift-Login-TestingUITests" */;
			buildPhases = (
				D24548802D008E35007A23D8 /* Sources */,
				D24548812D008E35007A23D8 /* Frameworks */,
				D24548822D008E35007A23D8 /* Resources */,
			);
			buildRules = (
			);
			dependencies = (
				D24548862D008E36007A23D8 /* PBXTargetDependency */,
			);
			fileSystemSynchronizedGroups = (
				D24548872D008E36007A23D8 /* Swift-Login-TestingUITests */,
			);
			name = "Swift-Login-TestingUITests";
			packageProductDependencies = (
			);
			productName = "Swift-Login-TestingUITests";
			productReference = D24548842D008E35007A23D8 /* Swift-Login-TestingUITests.xctest */;
			productType = "com.apple.product-type.bundle.ui-testing";
		};
/* End PBXNativeTarget section */

/* Begin PBXProject section */
		D245485C2D008E33007A23D8 /* Project object */ = {
			isa = PBXProject;
			attributes = {
				BuildIndependentTargetsInParallel = 1;
				LastSwiftUpdateCheck = 1600;
				LastUpgradeCheck = 1600;
				TargetAttributes = {
					D24548632D008E33007A23D8 = {
						CreatedOnToolsVersion = 16.0;
					};
					D24548792D008E35007A23D8 = {
						CreatedOnToolsVersion = 16.0;
						TestTargetID = D24548632D008E33007A23D8;
					};
					D24548832D008E35007A23D8 = {
						CreatedOnToolsVersion = 16.0;
						TestTargetID = D24548632D008E33007A23D8;
					};
				};
			};
			buildConfigurationList = D245485F2D008E33007A23D8 /* Build configuration list for PBXProject "Swift-Login-Testing" */;
			developmentRegion = en;
			hasScannedForEncodings = 0;
			knownRegions = (
				en,
				Base,
			);
			mainGroup = D245485B2D008E33007A23D8;
			minimizedProjectReferenceProxies = 1;
			preferredProjectObjectVersion = 77;
			productRefGroup = D24548652D008E33007A23D8 /* Products */;
			projectDirPath = "";
			projectRoot = "";
			targets = (
				D24548632D008E33007A23D8 /* Swift-Login-Testing */,
				D24548792D008E35007A23D8 /* Swift-Login-TestingTests */,
				D24548832D008E35007A23D8 /* Swift-Login-TestingUITests */,
			);
		};
/* End PBXProject section */

/* Begin PBXResourcesBuildPhase section */
		D24548622D008E33007A23D8 /* Resources */ = {
			isa = PBXResourcesBuildPhase;
			buildActionMask = 2147483647;
			files = (
			);
			runOnlyForDeploymentPostprocessing = 0;
		};
		D24548782D008E35007A23D8 /* Resources */ = {
			isa = PBXResourcesBuildPhase;
			buildActionMask = 2147483647;
			files = (
			);
			runOnlyForDeploymentPostprocessing = 0;
		};
		D24548822D008E35007A23D8 /* Resources */ = {
			isa = PBXResourcesBuildPhase;
			buildActionMask = 2147483647;
			files = (
			);
			runOnlyForDeploymentPostprocessing = 0;
		};
/* End PBXResourcesBuildPhase section */

/* Begin PBXSourcesBuildPhase section */
		D24548602D008E33007A23D8 /* Sources */ = {
			isa = PBXSourcesBuildPhase;
			buildActionMask = 2147483647;
			files = (
			);
			runOnlyForDeploymentPostprocessing = 0;
		};
		D24548762D008E35007A23D8 /* Sources */ = {
			isa = PBXSourcesBuildPhase;
			buildActionMask = 2147483647;
			files = (
			);
			runOnlyForDeploymentPostprocessing = 0;
		};
		D24548802D008E35007A23D8 /* Sources */ = {
			isa = PBXSourcesBuildPhase;
			buildActionMask = 2147483647;
			files = (
			);
			runOnlyForDeploymentPostprocessing = 0;
		};
/* End PBXSourcesBuildPhase section */

/* Begin PBXTargetDependency section */
		D245487C2D008E35007A23D8 /* PBXTargetDependency */ = {
			isa = PBXTargetDependency;
			target = D24548632D008E33007A23D8 /* Swift-Login-Testing */;
			targetProxy = D245487B2D008E35007A23D8 /* PBXContainerItemProxy */;
		};
		D24548862D008E36007A23D8 /* PBXTargetDependency */ = {
			isa = PBXTargetDependency;
			target = D24548632D008E33007A23D8 /* Swift-Login-Testing */;
			targetProxy = D24548852D008E36007A23D8 /* PBXContainerItemProxy */;
		};
/* End PBXTargetDependency section */

/* Begin XCBuildConfiguration section */
		D245488E2D008E36007A23D8 /* Debug */ = {
			isa = XCBuildConfiguration;
			buildSettings = {
				ASSETCATALOG_COMPILER_APPICON_NAME = AppIcon;
				ASSETCATALOG_COMPILER_GLOBAL_ACCENT_COLOR_NAME = AccentColor;
				CODE_SIGN_STYLE = Automatic;
				CURRENT_PROJECT_VERSION = 1;
				GENERATE_INFOPLIST_FILE = YES;
				INFOPLIST_FILE = "Swift-Login-Testing/Info.plist";
				INFOPLIST_KEY_UIApplicationSupportsIndirectInputEvents = YES;
				INFOPLIST_KEY_UILaunchStoryboardName = LaunchScreen;
				INFOPLIST_KEY_UIMainStoryboardFile = Login;
				INFOPLIST_KEY_UISupportedInterfaceOrientations = UIInterfaceOrientationPortrait;
				INFOPLIST_KEY_UIUserInterfaceStyle = Light;
				IPHONEOS_DEPLOYMENT_TARGET = 16.6;
				LD_RUNPATH_SEARCH_PATHS = (
					"$(inherited)",
					"@executable_path/Frameworks",
				);
				MARKETING_VERSION = 1.0;
				PRODUCT_BUNDLE_IDENTIFIER = "com..Swift-Login-Testing";
				PRODUCT_NAME = "$(TARGET_NAME)";
				SUPPORTED_PLATFORMS = "iphoneos iphonesimulator";
				SUPPORTS_MACCATALYST = NO;
				SUPPORTS_MAC_DESIGNED_FOR_IPHONE_IPAD = NO;
				SUPPORTS_XR_DESIGNED_FOR_IPHONE_IPAD = NO;
				SWIFT_EMIT_LOC_STRINGS = YES;
				SWIFT_VERSION = 5.0;
				TARGETED_DEVICE_FAMILY = 1;
			};
			name = Debug;
		};
		D245488F2D008E36007A23D8 /* Release */ = {
			isa = XCBuildConfiguration;
			buildSettings = {
				ASSETCATALOG_COMPILER_APPICON_NAME = AppIcon;
				ASSETCATALOG_COMPILER_GLOBAL_ACCENT_COLOR_NAME = AccentColor;
				CODE_SIGN_STYLE = Automatic;
				CURRENT_PROJECT_VERSION = 1;
				GENERATE_INFOPLIST_FILE = YES;
				INFOPLIST_FILE = "Swift-Login-Testing/Info.plist";
				INFOPLIST_KEY_UIApplicationSupportsIndirectInputEvents = YES;
				INFOPLIST_KEY_UILaunchStoryboardName = LaunchScreen;
				INFOPLIST_KEY_UIMainStoryboardFile = Login;
				INFOPLIST_KEY_UISupportedInterfaceOrientations = UIInterfaceOrientationPortrait;
				INFOPLIST_KEY_UIUserInterfaceStyle = Light;
				IPHONEOS_DEPLOYMENT_TARGET = 16.6;
				LD_RUNPATH_SEARCH_PATHS = (
					"$(inherited)",
					"@executable_path/Frameworks",
				);
				MARKETING_VERSION = 1.0;
				PRODUCT_BUNDLE_IDENTIFIER = "com..Swift-Login-Testing";
				PRODUCT_NAME = "$(TARGET_NAME)";
				SUPPORTED_PLATFORMS = "iphoneos iphonesimulator";
				SUPPORTS_MACCATALYST = NO;
				SUPPORTS_MAC_DESIGNED_FOR_IPHONE_IPAD = NO;
				SUPPORTS_XR_DESIGNED_FOR_IPHONE_IPAD = NO;
				SWIFT_EMIT_LOC_STRINGS = YES;
				SWIFT_VERSION = 5.0;
				TARGETED_DEVICE_FAMILY = 1;
			};
			name = Release;
		};
		D24548902D008E36007A23D8 /* Debug */ = {
			isa = XCBuildConfiguration;
			buildSettings = {
				ALWAYS_SEARCH_USER_PATHS = NO;
				ASSETCATALOG_COMPILER_GENERATE_SWIFT_ASSET_SYMBOL_EXTENSIONS = YES;
				CLANG_ANALYZER_NONNULL = YES;
				CLANG_ANALYZER_NUMBER_OBJECT_CONVERSION = YES_AGGRESSIVE;
				CLANG_CXX_LANGUAGE_STANDARD = "gnu++20";
				CLANG_ENABLE_MODULES = YES;
				CLANG_ENABLE_OBJC_ARC = YES;
				CLANG_ENABLE_OBJC_WEAK = YES;
				CLANG_WARN_BLOCK_CAPTURE_AUTORELEASING = YES;
				CLANG_WARN_BOOL_CONVERSION = YES;
				CLANG_WARN_COMMA = YES;
				CLANG_WARN_CONSTANT_CONVERSION = YES;
				CLANG_WARN_DEPRECATED_OBJC_IMPLEMENTATIONS = YES;
				CLANG_WARN_DIRECT_OBJC_ISA_USAGE = YES_ERROR;
				CLANG_WARN_DOCUMENTATION_COMMENTS = YES;
				CLANG_WARN_EMPTY_BODY = YES;
				CLANG_WARN_ENUM_CONVERSION = YES;
				CLANG_WARN_INFINITE_RECURSION = YES;
				CLANG_WARN_INT_CONVERSION = YES;
				CLANG_WARN_NON_LITERAL_NULL_CONVERSION = YES;
				CLANG_WARN_OBJC_IMPLICIT_RETAIN_SELF = YES;
				CLANG_WARN_OBJC_LITERAL_CONVERSION = YES;
				CLANG_WARN_OBJC_ROOT_CLASS = YES_ERROR;
				CLANG_WARN_QUOTED_INCLUDE_IN_FRAMEWORK_HEADER = YES;
				CLANG_WARN_RANGE_LOOP_ANALYSIS = YES;
				CLANG_WARN_STRICT_PROTOTYPES = YES;
				CLANG_WARN_SUSPICIOUS_MOVE = YES;
				CLANG_WARN_UNGUARDED_AVAILABILITY = YES_AGGRESSIVE;
				CLANG_WARN_UNREACHABLE_CODE = YES;
				CLANG_WARN__DUPLICATE_METHOD_MATCH = YES;
				COPY_PHASE_STRIP = NO;
				DEBUG_INFORMATION_FORMAT = dwarf;
				ENABLE_STRICT_OBJC_MSGSEND = YES;
				ENABLE_TESTABILITY = YES;
				ENABLE_USER_SCRIPT_SANDBOXING = YES;
				GCC_C_LANGUAGE_STANDARD = gnu17;
				GCC_DYNAMIC_NO_PIC = NO;
				GCC_NO_COMMON_BLOCKS = YES;
				GCC_OPTIMIZATION_LEVEL = 0;
				GCC_PREPROCESSOR_DEFINITIONS = (
					"DEBUG=1",
					"$(inherited)",
				);
				GCC_WARN_64_TO_32_BIT_CONVERSION = YES;
				GCC_WARN_ABOUT_RETURN_TYPE = YES_ERROR;
				GCC_WARN_UNDECLARED_SELECTOR = YES;
				GCC_WARN_UNINITIALIZED_AUTOS = YES_AGGRESSIVE;
				GCC_WARN_UNUSED_FUNCTION = YES;
				GCC_WARN_UNUSED_VARIABLE = YES;
				IPHONEOS_DEPLOYMENT_TARGET = 18.0;
				LOCALIZATION_PREFERS_STRING_CATALOGS = YES;
				MTL_ENABLE_DEBUG_INFO = INCLUDE_SOURCE;
				MTL_FAST_MATH = YES;
				ONLY_ACTIVE_ARCH = YES;
				SDKROOT = iphoneos;
				SWIFT_ACTIVE_COMPILATION_CONDITIONS = "DEBUG $(inherited)";
				SWIFT_OPTIMIZATION_LEVEL = "-Onone";
			};
			name = Debug;
		};
		D24548912D008E36007A23D8 /* Release */ = {
			isa = XCBuildConfiguration;
			buildSettings = {
				ALWAYS_SEARCH_USER_PATHS = NO;
				ASSETCATALOG_COMPILER_GENERATE_SWIFT_ASSET_SYMBOL_EXTENSIONS = YES;
				CLANG_ANALYZER_NONNULL = YES;
				CLANG_ANALYZER_NUMBER_OBJECT_CONVERSION = YES_AGGRESSIVE;
				CLANG_CXX_LANGUAGE_STANDARD = "gnu++20";
				CLANG_ENABLE_MODULES = YES;
				CLANG_ENABLE_OBJC_ARC = YES;
				CLANG_ENABLE_OBJC_WEAK = YES;
				CLANG_WARN_BLOCK_CAPTURE_AUTORELEASING = YES;
				CLANG_WARN_BOOL_CONVERSION = YES;
				CLANG_WARN_COMMA = YES;
				CLANG_WARN_CONSTANT_CONVERSION = YES;
				CLANG_WARN_DEPRECATED_OBJC_IMPLEMENTATIONS = YES;
				CLANG_WARN_DIRECT_OBJC_ISA_USAGE = YES_ERROR;
				CLANG_WARN_DOCUMENTATION_COMMENTS = YES;
				CLANG_WARN_EMPTY_BODY = YES;
				CLANG_WARN_ENUM_CONVERSION = YES;
				CLANG_WARN_INFINITE_RECURSION = YES;
				CLANG_WARN_INT_CONVERSION = YES;
				CLANG_WARN_NON_LITERAL_NULL_CONVERSION = YES;
				CLANG_WARN_OBJC_IMPLICIT_RETAIN_SELF = YES;
				CLANG_WARN_OBJC_LITERAL_CONVERSION = YES;
				CLANG_WARN_OBJC_ROOT_CLASS = YES_ERROR;
				CLANG_WARN_QUOTED_INCLUDE_IN_FRAMEWORK_HEADER = YES;
				CLANG_WARN_RANGE_LOOP_ANALYSIS = YES;
				CLANG_WARN_STRICT_PROTOTYPES = YES;
				CLANG_WARN_SUSPICIOUS_MOVE = YES;
				CLANG_WARN_UNGUARDED_AVAILABILITY = YES_AGGRESSIVE;
				CLANG_WARN_UNREACHABLE_CODE = YES;
				CLANG_WARN__DUPLICATE_METHOD_MATCH = YES;
				COPY_PHASE_STRIP = NO;
				DEBUG_INFORMATION_FORMAT = "dwarf-with-dsym";
				ENABLE_NS_ASSERTIONS = NO;
				ENABLE_STRICT_OBJC_MSGSEND = YES;
				ENABLE_USER_SCRIPT_SANDBOXING = YES;
				GCC_C_LANGUAGE_STANDARD = gnu17;
				GCC_NO_COMMON_BLOCKS = YES;
				GCC_WARN_64_TO_32_BIT_CONVERSION = YES;
				GCC_WARN_ABOUT_RETURN_TYPE = YES_ERROR;
				GCC_WARN_UNDECLARED_SELECTOR = YES;
				GCC_WARN_UNINITIALIZED_AUTOS = YES_AGGRESSIVE;
				GCC_WARN_UNUSED_FUNCTION = YES;
				GCC_WARN_UNUSED_VARIABLE = YES;
				IPHONEOS_DEPLOYMENT_TARGET = 18.0;
				LOCALIZATION_PREFERS_STRING_CATALOGS = YES;
				MTL_ENABLE_DEBUG_INFO = NO;
				MTL_FAST_MATH = YES;
				SDKROOT = iphoneos;
				SWIFT_COMPILATION_MODE = wholemodule;
				VALIDATE_PRODUCT = YES;
			};
			name = Release;
		};
		D24548932D008E36007A23D8 /* Debug */ = {
			isa = XCBuildConfiguration;
			buildSettings = {
				BUNDLE_LOADER = "$(TEST_HOST)";
				CODE_SIGN_STYLE = Automatic;
				CURRENT_PROJECT_VERSION = 1;
				GENERATE_INFOPLIST_FILE = YES;
				IPHONEOS_DEPLOYMENT_TARGET = 18.0;
				MARKETING_VERSION = 1.0;
				PRODUCT_BUNDLE_IDENTIFIER = "com..Swift-Login-TestingTests";
				PRODUCT_NAME = "$(TARGET_NAME)";
				SWIFT_EMIT_LOC_STRINGS = NO;
				SWIFT_VERSION = 5.0;
				TARGETED_DEVICE_FAMILY = "1,2";
				TEST_HOST = "$(BUILT_PRODUCTS_DIR)/Swift-Login-Testing.app/$(BUNDLE_EXECUTABLE_FOLDER_PATH)/Swift-Login-Testing";
			};
			name = Debug;
		};
		D24548942D008E36007A23D8 /* Release */ = {
			isa = XCBuildConfiguration;
			buildSettings = {
				BUNDLE_LOADER = "$(TEST_HOST)";
				CODE_SIGN_STYLE = Automatic;
				CURRENT_PROJECT_VERSION = 1;
				GENERATE_INFOPLIST_FILE = YES;
				IPHONEOS_DEPLOYMENT_TARGET = 18.0;
				MARKETING_VERSION = 1.0;
				PRODUCT_BUNDLE_IDENTIFIER = "com..Swift-Login-TestingTests";
				PRODUCT_NAME = "$(TARGET_NAME)";
				SWIFT_EMIT_LOC_STRINGS = NO;
				SWIFT_VERSION = 5.0;
				TARGETED_DEVICE_FAMILY = "1,2";
				TEST_HOST = "$(BUILT_PRODUCTS_DIR)/Swift-Login-Testing.app/$(BUNDLE_EXECUTABLE_FOLDER_PATH)/Swift-Login-Testing";
			};
			name = Release;
		};
		D24548962D008E36007A23D8 /* Debug */ = {
			isa = XCBuildConfiguration;
			buildSettings = {
				CODE_SIGN_STYLE = Automatic;
				CURRENT_PROJECT_VERSION = 1;
				GENERATE_INFOPLIST_FILE = YES;
				MARKETING_VERSION = 1.0;
				PRODUCT_BUNDLE_IDENTIFIER = "com..Swift-Login-TestingUITests";
				PRODUCT_NAME = "$(TARGET_NAME)";
				SWIFT_EMIT_LOC_STRINGS = NO;
				SWIFT_VERSION = 5.0;
				TARGETED_DEVICE_FAMILY = "1,2";
				TEST_TARGET_NAME = "Swift-Login-Testing";
			};
			name = Debug;
		};
		D24548972D008E36007A23D8 /* Release */ = {
			isa = XCBuildConfiguration;
			buildSettings = {
				CODE_SIGN_STYLE = Automatic;
				CURRENT_PROJECT_VERSION = 1;
				GENERATE_INFOPLIST_FILE = YES;
				MARKETING_VERSION = 1.0;
				PRODUCT_BUNDLE_IDENTIFIER = "com..Swift-Login-TestingUITests";
				PRODUCT_NAME = "$(TARGET_NAME)";
				SWIFT_EMIT_LOC_STRINGS = NO;
				SWIFT_VERSION = 5.0;
				TARGETED_DEVICE_FAMILY = "1,2";
				TEST_TARGET_NAME = "Swift-Login-Testing";
			};
			name = Release;
		};
/* End XCBuildConfiguration section */

/* Begin XCConfigurationList section */
		D245485F2D008E33007A23D8 /* Build configuration list for PBXProject "Swift-Login-Testing" */ = {
			isa = XCConfigurationList;
			buildConfigurations = (
				D24548902D008E36007A23D8 /* Debug */,
				D24548912D008E36007A23D8 /* Release */,
			);
			defaultConfigurationIsVisible = 0;
			defaultConfigurationName = Release;
		};
		D245488D2D008E36007A23D8 /* Build configuration list for PBXNativeTarget "Swift-Login-Testing" */ = {
			isa = XCConfigurationList;
			buildConfigurations = (
				D245488E2D008E36007A23D8 /* Debug */,
				D245488F2D008E36007A23D8 /* Release */,
			);
			defaultConfigurationIsVisible = 0;
			defaultConfigurationName = Release;
		};
		D24548922D008E36007A23D8 /* Build configuration list for PBXNativeTarget "Swift-Login-TestingTests" */ = {
			isa = XCConfigurationList;
			buildConfigurations = (
				D24548932D008E36007A23D8 /* Debug */,
				D24548942D008E36007A23D8 /* Release */,
			);
			defaultConfigurationIsVisible = 0;
			defaultConfigurationName = Release;
		};
		D24548952D008E36007A23D8 /* Build configuration list for PBXNativeTarget "Swift-Login-TestingUITests" */ = {
			isa = XCConfigurationList;
			buildConfigurations = (
				D24548962D008E36007A23D8 /* Debug */,
				D24548972D008E36007A23D8 /* Release */,
			);
			defaultConfigurationIsVisible = 0;
			defaultConfigurationName = Release;
		};
/* End XCConfigurationList section */
	};
	rootObject = D245485C2D008E33007A23D8 /* Project object */;
}
